Microsoft Visual Studio Solution File, Format Version 11.00
# Visual Studio 2010
Project("{2150E333-8FDC-42A3-9474-1A3956D46DE8}") = "Solution Items", "Solution Items", "{C118F0C4-1AB3-4C9C-AF6D-D63415DB6837}"
	ProjectSection(SolutionItems) = preProject
		Hexkit.Diagrams.xml = Hexkit.Diagrams.xml
		HexkitSetup.iss = HexkitSetup.iss
		Publish.proj = Publish.proj
		bin\ReadMe.html = bin\ReadMe.html
		bin\WhatsNew.html = bin\WhatsNew.html
	EndProjectSection
EndProject
Project("{2150E333-8FDC-42A3-9474-1A3956D46DE8}") = "Schemas", "Schemas", "{536972B6-9DA4-42EA-AD3A-B962F3146B95}"
	ProjectSection(SolutionItems) = preProject
		bin\Hexkit.Options.xsd = bin\Hexkit.Options.xsd
		bin\Hexkit.Scenario.xsd = bin\Hexkit.Scenario.xsd
		bin\Hexkit.Session.xsd = bin\Hexkit.Session.xsd
	EndProjectSection
EndProject
Project("{FAE04EC0-301F-11D3-BF4B-00C04F79EFBC}") = "Hexkit.Editor", "Hexkit.Editor\Hexkit.Editor.csproj", "{A31C9F76-095F-4978-A60A-D7BFFDC0FCB7}"
	ProjectSection(ProjectDependencies) = postProject
		{52F55B71-58AD-4231-8AB9-D2DF79ECCB73} = {52F55B71-58AD-4231-8AB9-D2DF79ECCB73}
		{52F55B71-58AD-4231-8AB9-D2DF79ECCB73} = {52F55B71-58AD-4231-8AB9-D2DF79ECCB73}
		{7F478772-4BAF-441B-9445-11F5C2F00144} = {7F478772-4BAF-441B-9445-11F5C2F00144}
		{7F478772-4BAF-441B-9445-11F5C2F00144} = {7F478772-4BAF-441B-9445-11F5C2F00144}
		{AB3DFFBA-2A71-4178-86CE-42045699AB76} = {AB3DFFBA-2A71-4178-86CE-42045699AB76}
		{AB3DFFBA-2A71-4178-86CE-42045699AB76} = {AB3DFFBA-2A71-4178-86CE-42045699AB76}
		{490F6ACB-D1C9-4804-8758-C51A14230F94} = {490F6ACB-D1C9-4804-8758-C51A14230F94}
		{F8FA30DD-F2B7-4446-A615-534749AF3FF7} = {F8FA30DD-F2B7-4446-A615-534749AF3FF7}
		{F8FA30DD-F2B7-4446-A615-534749AF3FF7} = {F8FA30DD-F2B7-4446-A615-534749AF3FF7}
		{B5C0FEF9-C7E4-4735-A53F-025311B60E51} = {B5C0FEF9-C7E4-4735-A53F-025311B60E51}
		{B5C0FEF9-C7E4-4735-A53F-025311B60E51} = {B5C0FEF9-C7E4-4735-A53F-025311B60E51}
	EndProjectSection
EndProject
Project("{FAE04EC0-301F-11D3-BF4B-00C04F79EFBC}") = "Hexkit.Game", "Hexkit.Game\Hexkit.Game.csproj", "{43FFB250-5EB7-4AD5-B21B-8F725070D47B}"
	ProjectSection(ProjectDependencies) = postProject
		{52F55B71-58AD-4231-8AB9-D2DF79ECCB73} = {52F55B71-58AD-4231-8AB9-D2DF79ECCB73}
		{52F55B71-58AD-4231-8AB9-D2DF79ECCB73} = {52F55B71-58AD-4231-8AB9-D2DF79ECCB73}
		{52F55B71-58AD-4231-8AB9-D2DF79ECCB73} = {52F55B71-58AD-4231-8AB9-D2DF79ECCB73}
		{7F478772-4BAF-441B-9445-11F5C2F00144} = {7F478772-4BAF-441B-9445-11F5C2F00144}
		{7F478772-4BAF-441B-9445-11F5C2F00144} = {7F478772-4BAF-441B-9445-11F5C2F00144}
		{7F478772-4BAF-441B-9445-11F5C2F00144} = {7F478772-4BAF-441B-9445-11F5C2F00144}
		{AB3DFFBA-2A71-4178-86CE-42045699AB76} = {AB3DFFBA-2A71-4178-86CE-42045699AB76}
		{AB3DFFBA-2A71-4178-86CE-42045699AB76} = {AB3DFFBA-2A71-4178-86CE-42045699AB76}
		{AB3DFFBA-2A71-4178-86CE-42045699AB76} = {AB3DFFBA-2A71-4178-86CE-42045699AB76}
		{490F6ACB-D1C9-4804-8758-C51A14230F94} = {490F6ACB-D1C9-4804-8758-C51A14230F94}
		{F8FA30DD-F2B7-4446-A615-534749AF3FF7} = {F8FA30DD-F2B7-4446-A615-534749AF3FF7}
		{F8FA30DD-F2B7-4446-A615-534749AF3FF7} = {F8FA30DD-F2B7-4446-A615-534749AF3FF7}
		{1A2674F6-BAA8-4D86-9FE8-102E64C19FBC} = {1A2674F6-BAA8-4D86-9FE8-102E64C19FBC}
		{B5C0FEF9-C7E4-4735-A53F-025311B60E51} = {B5C0FEF9-C7E4-4735-A53F-025311B60E51}
		{B5C0FEF9-C7E4-4735-A53F-025311B60E51} = {B5C0FEF9-C7E4-4735-A53F-025311B60E51}
		{B5C0FEF9-C7E4-4735-A53F-025311B60E51} = {B5C0FEF9-C7E4-4735-A53F-025311B60E51}
	EndProjectSection
EndProject
Project("{FAE04EC0-301F-11D3-BF4B-00C04F79EFBC}") = "Hexkit.Global", "Hexkit.Global\Hexkit.Global.csproj", "{F8FA30DD-F2B7-4446-A615-534749AF3FF7}"
	ProjectSection(ProjectDependencies) = postProject
		{52F55B71-58AD-4231-8AB9-D2DF79ECCB73} = {52F55B71-58AD-4231-8AB9-D2DF79ECCB73}
		{52F55B71-58AD-4231-8AB9-D2DF79ECCB73} = {52F55B71-58AD-4231-8AB9-D2DF79ECCB73}
	EndProjectSection
EndProject
Project("{FAE04EC0-301F-11D3-BF4B-00C04F79EFBC}") = "Hexkit.Graphics", "Hexkit.Graphics\Hexkit.Graphics.csproj", "{AB3DFFBA-2A71-4178-86CE-42045699AB76}"
	ProjectSection(ProjectDependencies) = postProject
		{52F55B71-58AD-4231-8AB9-D2DF79ECCB73} = {52F55B71-58AD-4231-8AB9-D2DF79ECCB73}
		{52F55B71-58AD-4231-8AB9-D2DF79ECCB73} = {52F55B71-58AD-4231-8AB9-D2DF79ECCB73}
		{52F55B71-58AD-4231-8AB9-D2DF79ECCB73} = {52F55B71-58AD-4231-8AB9-D2DF79ECCB73}
		{7F478772-4BAF-441B-9445-11F5C2F00144} = {7F478772-4BAF-441B-9445-11F5C2F00144}
		{7F478772-4BAF-441B-9445-11F5C2F00144} = {7F478772-4BAF-441B-9445-11F5C2F00144}
		{7F478772-4BAF-441B-9445-11F5C2F00144} = {7F478772-4BAF-441B-9445-11F5C2F00144}
		{F8FA30DD-F2B7-4446-A615-534749AF3FF7} = {F8FA30DD-F2B7-4446-A615-534749AF3FF7}
		{F8FA30DD-F2B7-4446-A615-534749AF3FF7} = {F8FA30DD-F2B7-4446-A615-534749AF3FF7}
		{B5C0FEF9-C7E4-4735-A53F-025311B60E51} = {B5C0FEF9-C7E4-4735-A53F-025311B60E51}
		{B5C0FEF9-C7E4-4735-A53F-025311B60E51} = {B5C0FEF9-C7E4-4735-A53F-025311B60E51}
		{B5C0FEF9-C7E4-4735-A53F-025311B60E51} = {B5C0FEF9-C7E4-4735-A53F-025311B60E51}
	EndProjectSection
EndProject
Project("{FAE04EC0-301F-11D3-BF4B-00C04F79EFBC}") = "Hexkit.Help", "Hexkit.Help\Hexkit.Help.csproj", "{490F6ACB-D1C9-4804-8758-C51A14230F94}"
EndProject
Project("{FAE04EC0-301F-11D3-BF4B-00C04F79EFBC}") = "Hexkit.Options", "Hexkit.Options\Hexkit.Options.csproj", "{40B9E5F5-F3B0-4BA2-B59F-540348015A67}"
EndProject
Project("{FAE04EC0-301F-11D3-BF4B-00C04F79EFBC}") = "Hexkit.Players", "Hexkit.Players\Hexkit.Players.csproj", "{9F34A9F9-2A3F-4AD1-B461-C913B27BC37C}"
EndProject
Project("{FAE04EC0-301F-11D3-BF4B-00C04F79EFBC}") = "Hexkit.Scenario", "Hexkit.Scenario\Hexkit.Scenario.csproj", "{B5C0FEF9-C7E4-4735-A53F-025311B60E51}"
	ProjectSection(ProjectDependencies) = postProject
		{52F55B71-58AD-4231-8AB9-D2DF79ECCB73} = {52F55B71-58AD-4231-8AB9-D2DF79ECCB73}
		{52F55B71-58AD-4231-8AB9-D2DF79ECCB73} = {52F55B71-58AD-4231-8AB9-D2DF79ECCB73}
		{52F55B71-58AD-4231-8AB9-D2DF79ECCB73} = {52F55B71-58AD-4231-8AB9-D2DF79ECCB73}
		{F8FA30DD-F2B7-4446-A615-534749AF3FF7} = {F8FA30DD-F2B7-4446-A615-534749AF3FF7}
		{F8FA30DD-F2B7-4446-A615-534749AF3FF7} = {F8FA30DD-F2B7-4446-A615-534749AF3FF7}
	EndProjectSection
EndProject
Project("{FAE04EC0-301F-11D3-BF4B-00C04F79EFBC}") = "Hexkit.World", "Hexkit.World\Hexkit.World.csproj", "{7F478772-4BAF-441B-9445-11F5C2F00144}"
	ProjectSection(ProjectDependencies) = postProject
		{52F55B71-58AD-4231-8AB9-D2DF79ECCB73} = {52F55B71-58AD-4231-8AB9-D2DF79ECCB73}
		{52F55B71-58AD-4231-8AB9-D2DF79ECCB73} = {52F55B71-58AD-4231-8AB9-D2DF79ECCB73}
		{52F55B71-58AD-4231-8AB9-D2DF79ECCB73} = {52F55B71-58AD-4231-8AB9-D2DF79ECCB73}
		{F8FA30DD-F2B7-4446-A615-534749AF3FF7} = {F8FA30DD-F2B7-4446-A615-534749AF3FF7}
		{F8FA30DD-F2B7-4446-A615-534749AF3FF7} = {F8FA30DD-F2B7-4446-A615-534749AF3FF7}
		{B5C0FEF9-C7E4-4735-A53F-025311B60E51} = {B5C0FEF9-C7E4-4735-A53F-025311B60E51}
		{B5C0FEF9-C7E4-4735-A53F-025311B60E51} = {B5C0FEF9-C7E4-4735-A53F-025311B60E51}
		{B5C0FEF9-C7E4-4735-A53F-025311B60E51} = {B5C0FEF9-C7E4-4735-A53F-025311B60E51}
	EndProjectSection
EndProject
Project("{FAE04EC0-301F-11D3-BF4B-00C04F79EFBC}") = "Tektosyne.Core", "..\Tektosyne\Tektosyne.Core\Tektosyne.Core.csproj", "{52F55B71-58AD-4231-8AB9-D2DF79ECCB73}"
EndProject
Project("{FAE04EC0-301F-11D3-BF4B-00C04F79EFBC}") = "Tektosyne.Windows", "..\Tektosyne\Tektosyne.Windows\Tektosyne.Windows.csproj", "{2DAF2FD2-A2CF-4630-873A-CBCFFC5C91F1}"
EndProject
Project("{FAE04EC0-301F-11D3-BF4B-00C04F79EFBC}") = "Rules", "bin\Scenario\Rules\Rules.csproj", "{1A2674F6-BAA8-4D86-9FE8-102E64C19FBC}"
EndProject
Global
	GlobalSection(SolutionConfigurationPlatforms) = preSolution
		Debug|Any CPU = Debug|Any CPU
		Release|Any CPU = Release|Any CPU
	EndGlobalSection
	GlobalSection(ProjectConfigurationPlatforms) = postSolution
		{A31C9F76-095F-4978-A60A-D7BFFDC0FCB7}.Debug|Any CPU.ActiveCfg = Debug|Any CPU
		{A31C9F76-095F-4978-A60A-D7BFFDC0FCB7}.Debug|Any CPU.Build.0 = Debug|Any CPU
		{A31C9F76-095F-4978-A60A-D7BFFDC0FCB7}.Release|Any CPU.ActiveCfg = Release|Any CPU
		{A31C9F76-095F-4978-A60A-D7BFFDC0FCB7}.Release|Any CPU.Build.0 = Release|Any CPU
		{43FFB250-5EB7-4AD5-B21B-8F725070D47B}.Debug|Any CPU.ActiveCfg = Debug|Any CPU
		{43FFB250-5EB7-4AD5-B21B-8F725070D47B}.Debug|Any CPU.Build.0 = Debug|Any CPU
		{43FFB250-5EB7-4AD5-B21B-8F725070D47B}.Release|Any CPU.ActiveCfg = Release|Any CPU
		{43FFB250-5EB7-4AD5-B21B-8F725070D47B}.Release|Any CPU.Build.0 = Release|Any CPU
		{F8FA30DD-F2B7-4446-A615-534749AF3FF7}.Debug|Any CPU.ActiveCfg = Debug|Any CPU
		{F8FA30DD-F2B7-4446-A615-534749AF3FF7}.Debug|Any CPU.Build.0 = Debug|Any CPU
		{F8FA30DD-F2B7-4446-A615-534749AF3FF7}.Release|Any CPU.ActiveCfg = Release|Any CPU
		{F8FA30DD-F2B7-4446-A615-534749AF3FF7}.Release|Any CPU.Build.0 = Release|Any CPU
		{AB3DFFBA-2A71-4178-86CE-42045699AB76}.Debug|Any CPU.ActiveCfg = Debug|Any CPU
		{AB3DFFBA-2A71-4178-86CE-42045699AB76}.Debug|Any CPU.Build.0 = Debug|Any CPU
		{AB3DFFBA-2A71-4178-86CE-42045699AB76}.Release|Any CPU.ActiveCfg = Release|Any CPU
		{AB3DFFBA-2A71-4178-86CE-42045699AB76}.Release|Any CPU.Build.0 = Release|Any CPU
		{490F6ACB-D1C9-4804-8758-C51A14230F94}.Debug|Any CPU.ActiveCfg = Debug|Any CPU
		{490F6ACB-D1C9-4804-8758-C51A14230F94}.Debug|Any CPU.Build.0 = Debug|Any CPU
		{490F6ACB-D1C9-4804-8758-C51A14230F94}.Release|Any CPU.ActiveCfg = Release|Any CPU
		{490F6ACB-D1C9-4804-8758-C51A14230F94}.Release|Any CPU.Build.0 = Release|Any CPU
		{40B9E5F5-F3B0-4BA2-B59F-540348015A67}.Debug|Any CPU.ActiveCfg = Debug|Any CPU
		{40B9E5F5-F3B0-4BA2-B59F-540348015A67}.Debug|Any CPU.Build.0 = Debug|Any CPU
		{40B9E5F5-F3B0-4BA2-B59F-540348015A67}.Release|Any CPU.ActiveCfg = Release|Any CPU
		{40B9E5F5-F3B0-4BA2-B59F-540348015A67}.Release|Any CPU.Build.0 = Release|Any CPU
		{9F34A9F9-2A3F-4AD1-B461-C913B27BC37C}.Debug|Any CPU.ActiveCfg = Debug|Any CPU
		{9F34A9F9-2A3F-4AD1-B461-C913B27BC37C}.Debug|Any CPU.Build.0 = Debug|Any CPU
		{9F34A9F9-2A3F-4AD1-B461-C913B27BC37C}.Release|Any CPU.ActiveCfg = Release|Any CPU
		{9F34A9F9-2A3F-4AD1-B461-C913B27BC37C}.Release|Any CPU.Build.0 = Release|Any CPU
		{B5C0FEF9-C7E4-4735-A53F-025311B60E51}.Debug|Any CPU.ActiveCfg = Debug|Any CPU
		{B5C0FEF9-C7E4-4735-A53F-025311B60E51}.Debug|Any CPU.Build.0 = Debug|Any CPU
		{B5C0FEF9-C7E4-4735-A53F-025311B60E51}.Release|Any CPU.ActiveCfg = Release|Any CPU
		{B5C0FEF9-C7E4-4735-A53F-025311B60E51}.Release|Any CPU.Build.0 = Release|Any CPU
		{7F478772-4BAF-441B-9445-11F5C2F00144}.Debug|Any CPU.ActiveCfg = Debug|Any CPU
		{7F478772-4BAF-441B-9445-11F5C2F00144}.Debug|Any CPU.Build.0 = Debug|Any CPU
		{7F478772-4BAF-441B-9445-11F5C2F00144}.Release|Any CPU.ActiveCfg = Release|Any CPU
		{7F478772-4BAF-441B-9445-11F5C2F00144}.Release|Any CPU.Build.0 = Release|Any CPU
		{52F55B71-58AD-4231-8AB9-D2DF79ECCB73}.Debug|Any CPU.ActiveCfg = Debug|Any CPU
		{52F55B71-58AD-4231-8AB9-D2DF79ECCB73}.Debug|Any CPU.Build.0 = Debug|Any CPU
		{52F55B71-58AD-4231-8AB9-D2DF79ECCB73}.Release|Any CPU.ActiveCfg = Release|Any CPU
		{52F55B71-58AD-4231-8AB9-D2DF79ECCB73}.Release|Any CPU.Build.0 = Release|Any CPU
		{1A2674F6-BAA8-4D86-9FE8-102E64C19FBC}.Debug|Any CPU.ActiveCfg = Debug|Any CPU
		{1A2674F6-BAA8-4D86-9FE8-102E64C19FBC}.Debug|Any CPU.Build.0 = Debug|Any CPU
		{1A2674F6-BAA8-4D86-9FE8-102E64C19FBC}.Release|Any CPU.ActiveCfg = Release|Any CPU
		{1A2674F6-BAA8-4D86-9FE8-102E64C19FBC}.Release|Any CPU.Build.0 = Release|Any CPU
		{2DAF2FD2-A2CF-4630-873A-CBCFFC5C91F1}.Debug|Any CPU.ActiveCfg = Debug|Any CPU
		{2DAF2FD2-A2CF-4630-873A-CBCFFC5C91F1}.Debug|Any CPU.Build.0 = Debug|Any CPU
		{2DAF2FD2-A2CF-4630-873A-CBCFFC5C91F1}.Release|Any CPU.ActiveCfg = Release|Any CPU
		{2DAF2FD2-A2CF-4630-873A-CBCFFC5C91F1}.Release|Any CPU.Build.0 = Release|Any CPU
	EndGlobalSection
	GlobalSection(SolutionProperties) = preSolution
		HideSolutionNode = FALSE
	EndGlobalSection
	GlobalSection(NestedProjects) = preSolution
		{536972B6-9DA4-42EA-AD3A-B962F3146B95} = {C118F0C4-1AB3-4C9C-AF6D-D63415DB6837}
	EndGlobalSection
EndGlobal
